
Microsoft Visual Studio Solution File, Format Version 12.00
# Visual Studio Version 16
VisualStudioVersion = 16.0.30804.86
MinimumVisualStudioVersion = 10.0.40219.1
Project("{9A19103F-16F7-4668-BE54-9A1E7A4F7556}") = "Smok", "Smok.csproj", "{4A6BB067-648C-4FE8-B20E-FE81AFEB9ABB}"
EndProject
Global
	GlobalSection(SolutionConfigurationPlatforms) = preSolution
		Debug|Any CPU = Debug|Any CPU
		Release|Any CPU = Release|Any CPU
	EndGlobalSection
	GlobalSection(ProjectConfigurationPlatforms) = postSolution
		{4A6BB067-648C-4FE8-B20E-FE81AFEB9ABB}.Debug|Any CPU.ActiveCfg = Debug|Any CPU
		{4A6BB067-648C-4FE8-B20E-FE81AFEB9ABB}.Debug|Any CPU.Build.0 = Debug|Any CPU
		{4A6BB067-648C-4FE8-B20E-FE81AFEB9ABB}.Release|Any CPU.ActiveCfg = Release|Any CPU
		{4A6BB067-648C-4FE8-B20E-FE81AFEB9ABB}.Release|Any CPU.Build.0 = Release|Any CPU
	EndGlobalSection
	GlobalSection(SolutionProperties) = preSolution
		HideSolutionNode = FALSE
	EndGlobalSection
	GlobalSection(ExtensibilityGlobals) = postSolution
		SolutionGuid = {B04FE81A-90BB-4707-AE2B-44F7CF00005D}
	EndGlobalSection
EndGlobal
